
Microsoft Visual Studio Solution File, Format Version 12.00
# Visual Studio Version 17
VisualStudioVersion = 17.0.31919.166
MinimumVisualStudioVersion = 10.0.40219.1
Project("{FAE04EC0-301F-11D3-BF4B-00C04F79EFBC}") = "UserNameCreator", "UserNameCreator\UserNameCreator.csproj", "{BF519664-3E78-4C6C-BABC-6AF711B88FAF}"
EndProject
Global
	GlobalSection(SolutionConfigurationPlatforms) = preSolution
		Debug|Any CPU = Debug|Any CPU
		Release|Any CPU = Release|Any CPU
	EndGlobalSection
	GlobalSection(ProjectConfigurationPlatforms) = postSolution
		{BF519664-3E78-4C6C-BABC-6AF711B88FAF}.Debug|Any CPU.ActiveCfg = Debug|Any CPU
		{BF519664-3E78-4C6C-BABC-6AF711B88FAF}.Debug|Any CPU.Build.0 = Debug|Any CPU
		{BF519664-3E78-4C6C-BABC-6AF711B88FAF}.Release|Any CPU.ActiveCfg = Release|Any CPU
		{BF519664-3E78-4C6C-BABC-6AF711B88FAF}.Release|Any CPU.Build.0 = Release|Any CPU
	EndGlobalSection
	GlobalSection(SolutionProperties) = preSolution
		HideSolutionNode = FALSE
	EndGlobalSection
	GlobalSection(ExtensibilityGlobals) = postSolution
		SolutionGuid = {FEC9D3B7-5170-41E7-9439-F6170DF7A564}
	EndGlobalSection
EndGlobal
